<?xml version="1.0" encoding="utf-8"?>
<Project ToolsVersion="4.0" xmlns="http://schemas.microsoft.com/developer/msbuild/2003">
  <ItemGroup>
    <Filter Include="Исходные файлы">
      <UniqueIdentifier>{4FC737F1-C7A5-4376-A066-2A32D752A2FF}</UniqueIdentifier>
      <Extensions>cpp;c;cc;cxx;def;odl;idl;hpj;bat;asm;asmx</Extensions>
    </Filter>
    <Filter Include="Файлы заголовков">
      <UniqueIdentifier>{93995380-89BD-4b04-88EB-625FBE52EBFB}</UniqueIdentifier>
      <Extensions>h;hh;hpp;hxx;hm;inl;inc;ipp;xsd</Extensions>
    </Filter>
    <Filter Include="Файлы ресурсов">
      <UniqueIdentifier>{67DA6AB6-F800-4c08-8B7A-83BB121AAD01}</UniqueIdentifier>
      <Extensions>rc;ico;cur;bmp;dlg;rc2;rct;bin;rgs;gif;jpg;jpeg;jpe;resx;tiff;tif;png;wav;mfcribbon-ms</Extensions>
    </Filter>
    <Filter Include="Исходные файлы\pm">
      <UniqueIdentifier>{e0a1b187-c370-4a4d-b935-66118f2bbaca}</UniqueIdentifier>
    </Filter>
    <Filter Include="Исходные файлы\deps">
      <UniqueIdentifier>{bc3f17d7-4060-499b-a249-4c2a2bd5f943}</UniqueIdentifier>
    </Filter>
  </ItemGroup>
  <ItemGroup>
    <ClCompile Include="main.cpp">
      <Filter>Исходные файлы</Filter>
    </ClCompile>
    <ClCompile Include="pm\Camera.cpp">
      <Filter>Исходные файлы\pm</Filter>
    </ClCompile>
    <ClCompile Include="pm\FileManager.cpp">
      <Filter>Исходные файлы\pm</Filter>
    </ClCompile>
    <ClCompile Include="pm\InputManager.cpp">
      <Filter>Исходные файлы\pm</Filter>
    </ClCompile>
    <ClCompile Include="pm\Shader.cpp">
      <Filter>Исходные файлы\pm</Filter>
    </ClCompile>
    <ClCompile Include="pm\Sprite.cpp">
      <Filter>Исходные файлы\pm</Filter>
    </ClCompile>
    <ClCompile Include="pm\Texture.cpp">
      <Filter>Исходные файлы\pm</Filter>
    </ClCompile>
    <ClCompile Include="HelloWorld.cpp">
      <Filter>Исходные файлы</Filter>
    </ClCompile>
    <ClCompile Include="pm\Coord.cpp">
      <Filter>Исходные файлы\pm</Filter>
    </ClCompile>
    <ClCompile Include="pm\external\imgui\imgui.cpp">
      <Filter>Исходные файлы\deps</Filter>
    </ClCompile>
    <ClCompile Include="pm\external\imgui\imgui_demo.cpp">
      <Filter>Исходные файлы\deps</Filter>
    </ClCompile>
    <ClCompile Include="pm\external\imgui\imgui_draw.cpp">
      <Filter>Исходные файлы\deps</Filter>
    </ClCompile>
    <ClCompile Include="pm\external\imgui\imgui_impl_glfw.cpp">
      <Filter>Исходные файлы\deps</Filter>
    </ClCompile>
    <ClCompile Include="pm\external\imgui\imgui_impl_opengl3.cpp">
      <Filter>Исходные файлы\deps</Filter>
    </ClCompile>
    <ClCompile Include="pm\external\imgui\imgui_widgets.cpp">
      <Filter>Исходные файлы\deps</Filter>
    </ClCompile>
    <ClCompile Include="pm\Hud.cpp">
      <Filter>Исходные файлы\pm</Filter>
    </ClCompile>
    <ClCompile Include="pm\external\glad\glad.c">
      <Filter>Исходные файлы\deps</Filter>
    </ClCompile>
    <ClCompile Include="pm\external\fmt\format.cc">
      <Filter>Исходные файлы\deps</Filter>
    </ClCompile>
  </ItemGroup>
  <ItemGroup>
    <ClInclude Include="pm\Camera.hpp">
      <Filter>Исходные файлы\pm</Filter>
    </ClInclude>
    <ClInclude Include="pm\FileManager.hpp">
      <Filter>Исходные файлы\pm</Filter>
    </ClInclude>
    <ClInclude Include="pm\InputManager.hpp">
      <Filter>Исходные файлы\pm</Filter>
    </ClInclude>
    <ClInclude Include="pm\pm.hpp">
      <Filter>Исходные файлы\pm</Filter>
    </ClInclude>
    <ClInclude Include="pm\Shader.hpp">
      <Filter>Исходные файлы\pm</Filter>
    </ClInclude>
    <ClInclude Include="pm\Sprite.hpp">
      <Filter>Исходные файлы\pm</Filter>
    </ClInclude>
    <ClInclude Include="pm\Texture.hpp">
      <Filter>Исходные файлы\pm</Filter>
    </ClInclude>
    <ClInclude Include="HelloWorld.hpp">
      <Filter>Исходные файлы</Filter>
    </ClInclude>
    <ClInclude Include="pm\Coord.hpp">
      <Filter>Исходные файлы\pm</Filter>
    </ClInclude>
    <ClInclude Include="pm\external\imgui\imconfig.h">
      <Filter>Исходные файлы\deps</Filter>
    </ClInclude>
    <ClInclude Include="pm\external\imgui\imgui.h">
      <Filter>Исходные файлы\deps</Filter>
    </ClInclude>
    <ClInclude Include="pm\external\imgui\imgui_impl_glfw.h">
      <Filter>Исходные файлы\deps</Filter>
    </ClInclude>
    <ClInclude Include="pm\external\imgui\imgui_impl_opengl3.h">
      <Filter>Исходные файлы\deps</Filter>
    </ClInclude>
    <ClInclude Include="pm\external\imgui\imgui_internal.h">
      <Filter>Исходные файлы\deps</Filter>
    </ClInclude>
    <ClInclude Include="pm\external\imgui\imstb_rectpack.h">
      <Filter>Исходные файлы\deps</Filter>
    </ClInclude>
    <ClInclude Include="pm\external\imgui\imstb_textedit.h">
      <Filter>Исходные файлы\deps</Filter>
    </ClInclude>
    <ClInclude Include="pm\external\imgui\imstb_truetype.h">
      <Filter>Исходные файлы\deps</Filter>
    </ClInclude>
    <ClInclude Include="pm\Hud.hpp">
      <Filter>Исходные файлы\pm</Filter>
    </ClInclude>
  </ItemGroup>
  <ItemGroup>
    <None Include="default.frag">
      <Filter>Файлы ресурсов</Filter>
    </None>
    <None Include="default.vert">
      <Filter>Файлы ресурсов</Filter>
    </None>
  </ItemGroup>
  <ItemGroup>
    <Image Include="tex.png">
      <Filter>Файлы ресурсов</Filter>
    </Image>
    <Image Include="tex2.png">
      <Filter>Файлы ресурсов</Filter>
    </Image>
  </ItemGroup>
  <ItemGroup>
    <Font Include="Ubuntu-Regular.ttf">
      <Filter>Файлы ресурсов</Filter>
    </Font>
  </ItemGroup>
</Project>